# Resolved for the CUDA 12.4 / Python 3.12 cloud image.
torch==2.6.0
pydantic==2.13.5
sympy==1.14.0
math-verify==0.9.0
orjson==3.12.0
pyarrow==19.0.1
datasketch==1.10.0
pyyaml==6.0.3
httpx==0.28.1
transformers==4.51.3
peft==0.15.2
accelerate==1.6.0
datasets==3.6.0
ray==2.44.1
vllm==0.11.0
flash-attn==2.7.4.post1
omegaconf==2.3.0
hydra-core==1.3.2
